// !$*UTF8*$!
{
	archiveVersion = 1;
	classes = {
	};
	objectVersion = 50;
	objects = {

/* Begin PBXBuildFile section */
		661D47DB21A8796A0006D51A /* AppDelegate.swift in Sources */ = {isa = PBXBuildFile; fileRef = 661D47DA21A8796A0006D51A /* AppDelegate.swift */; };
		661D47E221A879700006D51A /* Assets.xcassets in Resources */ = {isa = PBXBuildFile; fileRef = 661D47E121A879700006D51A /* Assets.xcassets */; };
		661D47E521A879700006D51A /* LaunchScreen.storyboard in Resources */ = {isa = PBXBuildFile; fileRef = 661D47E321A879700006D51A /* LaunchScreen.storyboard */; };
		77A9126470BCCA2D974C3F32 /* Pods_FollowApp.framework in Frameworks */ = {isa = PBXBuildFile; fileRef = E4011C7B80F13ECE44349196 /* Pods_FollowApp.framework */; };
		9189CB7921B364A70044B286 /* FiatService.swift in Sources */ = {isa = PBXBuildFile; fileRef = 9189CB6621B364A70044B286 /* FiatService.swift */; };
		9189CB7A21B364A70044B286 /* KeychainService.swift in Sources */ = {isa = PBXBuildFile; fileRef = 9189CB6821B364A70044B286 /* KeychainService.swift */; };
		9189CB7B21B364A70044B286 /* BiometricsService.swift in Sources */ = {isa = PBXBuildFile; fileRef = 9189CB6921B364A70044B286 /* BiometricsService.swift */; };
		9189CB7D21B364A70044B286 /* NetworkErrors.swift in Sources */ = {isa = PBXBuildFile; fileRef = 9189CB6C21B364A70044B286 /* NetworkErrors.swift */; };
		9189CB7F21B364A70044B286 /* TokensService.swift in Sources */ = {isa = PBXBuildFile; fileRef = 9189CB7021B364A70044B286 /* TokensService.swift */; };
		9189CB8021B364A70044B286 /* Web3Service.swift in Sources */ = {isa = PBXBuildFile; fileRef = 9189CB7121B364A70044B286 /* Web3Service.swift */; };
		9189CB8221B364A70044B286 /* NetworkService.swift in Sources */ = {isa = PBXBuildFile; fileRef = 9189CB7321B364A70044B286 /* NetworkService.swift */; };
		9189CB8321B364A70044B286 /* WalletsService.swift in Sources */ = {isa = PBXBuildFile; fileRef = 9189CB7521B364A70044B286 /* WalletsService.swift */; };
		9189CB8421B364A70044B286 /* TransactionsHistoryService.swift in Sources */ = {isa = PBXBuildFile; fileRef = 9189CB7721B364A70044B286 /* TransactionsHistoryService.swift */; };
		9189CB8521B364A70044B286 /* URLs.swift in Sources */ = {isa = PBXBuildFile; fileRef = 9189CB7821B364A70044B286 /* URLs.swift */; };
		9189CB8721B364F20044B286 /* ContainerCD.swift in Sources */ = {isa = PBXBuildFile; fileRef = 9189CB8621B364F20044B286 /* ContainerCD.swift */; };
		9189CB8921B365060044B286 /* StorageErrors.swift in Sources */ = {isa = PBXBuildFile; fileRef = 9189CB8821B365060044B286 /* StorageErrors.swift */; };
		9189CB8D21B365250044B286 /* ERC20TokenModel.swift in Sources */ = {isa = PBXBuildFile; fileRef = 9189CB8B21B365250044B286 /* ERC20TokenModel.swift */; };
		9189CB8E21B365250044B286 /* TokensStorage.swift in Sources */ = {isa = PBXBuildFile; fileRef = 9189CB8C21B365250044B286 /* TokensStorage.swift */; };
		9189CB9121B365350044B286 /* TransactionsStorage.swift in Sources */ = {isa = PBXBuildFile; fileRef = 9189CB9021B365350044B286 /* TransactionsStorage.swift */; };
		9189CB9521B3653D0044B286 /* WalletModel.swift in Sources */ = {isa = PBXBuildFile; fileRef = 9189CB9321B3653D0044B286 /* WalletModel.swift */; };
		9189CB9621B3653D0044B286 /* WalletsStorage.swift in Sources */ = {isa = PBXBuildFile; fileRef = 9189CB9421B3653D0044B286 /* WalletsStorage.swift */; };
		9189CBA321B365FD0044B286 /* Constants.swift in Sources */ = {isa = PBXBuildFile; fileRef = 9189CB9B21B365FC0044B286 /* Constants.swift */; };
		9189CBA421B365FD0044B286 /* UserDefaultKeys.swift in Sources */ = {isa = PBXBuildFile; fileRef = 9189CB9C21B365FC0044B286 /* UserDefaultKeys.swift */; };
		9189CBA721B365FD0044B286 /* Alerts.swift in Sources */ = {isa = PBXBuildFile; fileRef = 9189CB9F21B365FC0044B286 /* Alerts.swift */; };
		9189CBA821B365FD0044B286 /* Errors.swift in Sources */ = {isa = PBXBuildFile; fileRef = 9189CBA021B365FC0044B286 /* Errors.swift */; };
		9189CBA921B365FD0044B286 /* DesignElements.swift in Sources */ = {isa = PBXBuildFile; fileRef = 9189CBA121B365FC0044B286 /* DesignElements.swift */; };
		9189CBAA21B365FD0044B286 /* Colors.swift in Sources */ = {isa = PBXBuildFile; fileRef = 9189CBA221B365FD0044B286 /* Colors.swift */; };
		9189CBB021B3660F0044B286 /* FloatExtension.swift in Sources */ = {isa = PBXBuildFile; fileRef = 9189CBAC21B3660E0044B286 /* FloatExtension.swift */; };
		9189CBB121B3660F0044B286 /* ViewControllerExtensions.swift in Sources */ = {isa = PBXBuildFile; fileRef = 9189CBAD21B3660E0044B286 /* ViewControllerExtensions.swift */; };
		9189CBB221B3660F0044B286 /* SearchControllerExtension.swift in Sources */ = {isa = PBXBuildFile; fileRef = 9189CBAE21B3660E0044B286 /* SearchControllerExtension.swift */; };
		9189CBB321B3660F0044B286 /* StringExtension.swift in Sources */ = {isa = PBXBuildFile; fileRef = 9189CBAF21B3660E0044B286 /* StringExtension.swift */; };
		919C7EC921BDF38D00E88C7D /* FollowCoreData.xcdatamodeld in Sources */ = {isa = PBXBuildFile; fileRef = 919C7EC721BDF38D00E88C7D /* FollowCoreData.xcdatamodeld */; };
		91F6E93A21B368DE0022CF61 /* TransactionModel.swift in Sources */ = {isa = PBXBuildFile; fileRef = 91F6E93921B368DE0022CF61 /* TransactionModel.swift */; };
		91F6E93C21B369090022CF61 /* Parameter.swift in Sources */ = {isa = PBXBuildFile; fileRef = 91F6E93B21B369080022CF61 /* Parameter.swift */; };
		E25F355121A976C500D86668 /* CurrentUserModel.swift in Sources */ = {isa = PBXBuildFile; fileRef = E25F355021A976C500D86668 /* CurrentUserModel.swift */; };
/* End PBXBuildFile section */

/* Begin PBXFileReference section */
		4D35B566DC649BC58B412DFC /* Pods-FollowApp.debug.xcconfig */ = {isa = PBXFileReference; includeInIndex = 1; lastKnownFileType = text.xcconfig; name = "Pods-FollowApp.debug.xcconfig"; path = "Pods/Target Support Files/Pods-FollowApp/Pods-FollowApp.debug.xcconfig"; sourceTree = "<group>"; };
		661D47D721A8796A0006D51A /* FollowApp.app */ = {isa = PBXFileReference; explicitFileType = wrapper.application; includeInIndex = 0; path = FollowApp.app; sourceTree = BUILT_PRODUCTS_DIR; };
		661D47DA21A8796A0006D51A /* AppDelegate.swift */ = {isa = PBXFileReference; lastKnownFileType = sourcecode.swift; path = AppDelegate.swift; sourceTree = "<group>"; };
		661D47E121A879700006D51A /* Assets.xcassets */ = {isa = PBXFileReference; lastKnownFileType = folder.assetcatalog; path = Assets.xcassets; sourceTree = "<group>"; };
		661D47E421A879700006D51A /* Base */ = {isa = PBXFileReference; lastKnownFileType = file.storyboard; name = Base; path = Base.lproj/LaunchScreen.storyboard; sourceTree = "<group>"; };
		661D47E621A879700006D51A /* Info.plist */ = {isa = PBXFileReference; lastKnownFileType = text.plist.xml; path = Info.plist; sourceTree = "<group>"; };
		9189CB6621B364A70044B286 /* FiatService.swift */ = {isa = PBXFileReference; fileEncoding = 4; lastKnownFileType = sourcecode.swift; path = FiatService.swift; sourceTree = "<group>"; };
		9189CB6821B364A70044B286 /* KeychainService.swift */ = {isa = PBXFileReference; fileEncoding = 4; lastKnownFileType = sourcecode.swift; path = KeychainService.swift; sourceTree = "<group>"; };
		9189CB6921B364A70044B286 /* BiometricsService.swift */ = {isa = PBXFileReference; fileEncoding = 4; lastKnownFileType = sourcecode.swift; path = BiometricsService.swift; sourceTree = "<group>"; };
		9189CB6C21B364A70044B286 /* NetworkErrors.swift */ = {isa = PBXFileReference; fileEncoding = 4; lastKnownFileType = sourcecode.swift; path = NetworkErrors.swift; sourceTree = "<group>"; };
		9189CB7021B364A70044B286 /* TokensService.swift */ = {isa = PBXFileReference; fileEncoding = 4; lastKnownFileType = sourcecode.swift; path = TokensService.swift; sourceTree = "<group>"; };
		9189CB7121B364A70044B286 /* Web3Service.swift */ = {isa = PBXFileReference; fileEncoding = 4; lastKnownFileType = sourcecode.swift; path = Web3Service.swift; sourceTree = "<group>"; };
		9189CB7321B364A70044B286 /* NetworkService.swift */ = {isa = PBXFileReference; fileEncoding = 4; lastKnownFileType = sourcecode.swift; path = NetworkService.swift; sourceTree = "<group>"; };
		9189CB7521B364A70044B286 /* WalletsService.swift */ = {isa = PBXFileReference; fileEncoding = 4; lastKnownFileType = sourcecode.swift; path = WalletsService.swift; sourceTree = "<group>"; };
		9189CB7721B364A70044B286 /* TransactionsHistoryService.swift */ = {isa = PBXFileReference; fileEncoding = 4; lastKnownFileType = sourcecode.swift; path = TransactionsHistoryService.swift; sourceTree = "<group>"; };
		9189CB7821B364A70044B286 /* URLs.swift */ = {isa = PBXFileReference; fileEncoding = 4; lastKnownFileType = sourcecode.swift; path = URLs.swift; sourceTree = "<group>"; };
		9189CB8621B364F20044B286 /* ContainerCD.swift */ = {isa = PBXFileReference; fileEncoding = 4; lastKnownFileType = sourcecode.swift; path = ContainerCD.swift; sourceTree = "<group>"; };
		9189CB8821B365060044B286 /* StorageErrors.swift */ = {isa = PBXFileReference; fileEncoding = 4; lastKnownFileType = sourcecode.swift; path = StorageErrors.swift; sourceTree = "<group>"; };
		9189CB8B21B365250044B286 /* ERC20TokenModel.swift */ = {isa = PBXFileReference; fileEncoding = 4; lastKnownFileType = sourcecode.swift; path = ERC20TokenModel.swift; sourceTree = "<group>"; };
		9189CB8C21B365250044B286 /* TokensStorage.swift */ = {isa = PBXFileReference; fileEncoding = 4; lastKnownFileType = sourcecode.swift; path = TokensStorage.swift; sourceTree = "<group>"; };
		9189CB9021B365350044B286 /* TransactionsStorage.swift */ = {isa = PBXFileReference; fileEncoding = 4; lastKnownFileType = sourcecode.swift; path = TransactionsStorage.swift; sourceTree = "<group>"; };
		9189CB9321B3653D0044B286 /* WalletModel.swift */ = {isa = PBXFileReference; fileEncoding = 4; lastKnownFileType = sourcecode.swift; path = WalletModel.swift; sourceTree = "<group>"; };
		9189CB9421B3653D0044B286 /* WalletsStorage.swift */ = {isa = PBXFileReference; fileEncoding = 4; lastKnownFileType = sourcecode.swift; path = WalletsStorage.swift; sourceTree = "<group>"; };
		9189CB9B21B365FC0044B286 /* Constants.swift */ = {isa = PBXFileReference; fileEncoding = 4; lastKnownFileType = sourcecode.swift; path = Constants.swift; sourceTree = "<group>"; };
		9189CB9C21B365FC0044B286 /* UserDefaultKeys.swift */ = {isa = PBXFileReference; fileEncoding = 4; lastKnownFileType = sourcecode.swift; path = UserDefaultKeys.swift; sourceTree = "<group>"; };
		9189CB9F21B365FC0044B286 /* Alerts.swift */ = {isa = PBXFileReference; fileEncoding = 4; lastKnownFileType = sourcecode.swift; path = Alerts.swift; sourceTree = "<group>"; };
		9189CBA021B365FC0044B286 /* Errors.swift */ = {isa = PBXFileReference; fileEncoding = 4; lastKnownFileType = sourcecode.swift; path = Errors.swift; sourceTree = "<group>"; };
		9189CBA121B365FC0044B286 /* DesignElements.swift */ = {isa = PBXFileReference; fileEncoding = 4; lastKnownFileType = sourcecode.swift; path = DesignElements.swift; sourceTree = "<group>"; };
		9189CBA221B365FD0044B286 /* Colors.swift */ = {isa = PBXFileReference; fileEncoding = 4; lastKnownFileType = sourcecode.swift; path = Colors.swift; sourceTree = "<group>"; };
		9189CBAC21B3660E0044B286 /* FloatExtension.swift */ = {isa = PBXFileReference; fileEncoding = 4; lastKnownFileType = sourcecode.swift; path = FloatExtension.swift; sourceTree = "<group>"; };
		9189CBAD21B3660E0044B286 /* ViewControllerExtensions.swift */ = {isa = PBXFileReference; fileEncoding = 4; lastKnownFileType = sourcecode.swift; path = ViewControllerExtensions.swift; sourceTree = "<group>"; };
		9189CBAE21B3660E0044B286 /* SearchControllerExtension.swift */ = {isa = PBXFileReference; fileEncoding = 4; lastKnownFileType = sourcecode.swift; path = SearchControllerExtension.swift; sourceTree = "<group>"; };
		9189CBAF21B3660E0044B286 /* StringExtension.swift */ = {isa = PBXFileReference; fileEncoding = 4; lastKnownFileType = sourcecode.swift; path = StringExtension.swift; sourceTree = "<group>"; };
		919C7EC821BDF38D00E88C7D /* FollowCoreData.xcdatamodel */ = {isa = PBXFileReference; lastKnownFileType = wrapper.xcdatamodel; path = FollowCoreData.xcdatamodel; sourceTree = "<group>"; };
		91F6E93921B368DE0022CF61 /* TransactionModel.swift */ = {isa = PBXFileReference; lastKnownFileType = sourcecode.swift; path = TransactionModel.swift; sourceTree = "<group>"; };
		91F6E93B21B369080022CF61 /* Parameter.swift */ = {isa = PBXFileReference; fileEncoding = 4; lastKnownFileType = sourcecode.swift; path = Parameter.swift; sourceTree = "<group>"; };
		E25F355021A976C500D86668 /* CurrentUserModel.swift */ = {isa = PBXFileReference; lastKnownFileType = sourcecode.swift; path = CurrentUserModel.swift; sourceTree = "<group>"; };
		E4011C7B80F13ECE44349196 /* Pods_FollowApp.framework */ = {isa = PBXFileReference; explicitFileType = wrapper.framework; includeInIndex = 0; path = Pods_FollowApp.framework; sourceTree = BUILT_PRODUCTS_DIR; };
		E5A0A56A1D984FBA69A13ED4 /* Pods-FollowApp.release.xcconfig */ = {isa = PBXFileReference; includeInIndex = 1; lastKnownFileType = text.xcconfig; name = "Pods-FollowApp.release.xcconfig"; path = "Pods/Target Support Files/Pods-FollowApp/Pods-FollowApp.release.xcconfig"; sourceTree = "<group>"; };
/* End PBXFileReference section */

/* Begin PBXFrameworksBuildPhase section */
		661D47D421A8796A0006D51A /* Frameworks */ = {
			isa = PBXFrameworksBuildPhase;
			buildActionMask = 2147483647;
			files = (
				77A9126470BCCA2D974C3F32 /* Pods_FollowApp.framework in Frameworks */,
			);
			runOnlyForDeploymentPostprocessing = 0;
		};
/* End PBXFrameworksBuildPhase section */

/* Begin PBXGroup section */
		661D47CE21A879690006D51A = {
			isa = PBXGroup;
			children = (
				661D47D921A8796A0006D51A /* FollowApp */,
				661D47D821A8796A0006D51A /* Products */,
				9DF725F8A3A34F9B153AD0A7 /* Pods */,
				ED4A3E70954A77FA9C4774BF /* Frameworks */,
			);
			sourceTree = "<group>";
		};
		661D47D821A8796A0006D51A /* Products */ = {
			isa = PBXGroup;
			children = (
				661D47D721A8796A0006D51A /* FollowApp.app */,
			);
			name = Products;
			sourceTree = "<group>";
		};
		661D47D921A8796A0006D51A /* FollowApp */ = {
			isa = PBXGroup;
			children = (
				919C7ED021BDF68F00E88C7D /* Presentation */,
				661D47EE21A87A4F0006D51A /* Core */,
				919C7E8D21BDE2DE00E88C7D /* Localization */,
				9189CBAB21B3660E0044B286 /* Extensions */,
				661D47E121A879700006D51A /* Assets.xcassets */,
				661D47E321A879700006D51A /* LaunchScreen.storyboard */,
				661D47E621A879700006D51A /* Info.plist */,
			);
			path = FollowApp;
			sourceTree = "<group>";
		};
		661D47EE21A87A4F0006D51A /* Core */ = {
			isa = PBXGroup;
			children = (
				919C7EA621BDEB3500E88C7D /* Foundation */,
				919C7ECE21BDF5E500E88C7D /* Views */,
				919C7ECF21BDF5E900E88C7D /* Style */,
				919C7E8B21BDE29D00E88C7D /* ViewModels */,
				9189CB6721B364A70044B286 /* App */,
				919C7E8A21BDE28C00E88C7D /* Coordinators */,
				919C7E8921BDE27B00E88C7D /* Helpers */,
				919C7E8821BDE26D00E88C7D /* Models */,
				919C7E8721BDE25300E88C7D /* Formatters */,
				E25F354D21A96C8300D86668 /* Storages */,
				661D47F021A87AB40006D51A /* Services */,
			);
			path = Core;
			sourceTree = "<group>";
		};
		661D47F021A87AB40006D51A /* Services */ = {
			isa = PBXGroup;
			children = (
				9189CB6521B364A70044B286 /* ConversionRates */,
				919C7EC321BDF10300E88C7D /* Errors */,
				919C7EC221BDF0BF00E88C7D /* Endpoints */,
				919C7E8421BDE12300E88C7D /* Follow */,
				919C7E8321BDE10D00E88C7D /* Wallet */,
			);
			path = Services;
			sourceTree = "<group>";
		};
		9189CB6521B364A70044B286 /* ConversionRates */ = {
			isa = PBXGroup;
			children = (
				9189CB6621B364A70044B286 /* FiatService.swift */,
			);
			path = ConversionRates;
			sourceTree = "<group>";
		};
		9189CB6721B364A70044B286 /* App */ = {
			isa = PBXGroup;
			children = (
				9189CB6821B364A70044B286 /* KeychainService.swift */,
				9189CB6921B364A70044B286 /* BiometricsService.swift */,
			);
			path = App;
			sourceTree = "<group>";
		};
		9189CB8A21B365250044B286 /* Tokens */ = {
			isa = PBXGroup;
			children = (
				9189CB8B21B365250044B286 /* ERC20TokenModel.swift */,
				9189CB8C21B365250044B286 /* TokensStorage.swift */,
			);
			path = Tokens;
			sourceTree = "<group>";
		};
		9189CB8F21B365350044B286 /* Transactions */ = {
			isa = PBXGroup;
			children = (
				9189CB9021B365350044B286 /* TransactionsStorage.swift */,
				91F6E93921B368DE0022CF61 /* TransactionModel.swift */,
			);
			path = Transactions;
			sourceTree = "<group>";
		};
		9189CB9221B3653D0044B286 /* Wallets */ = {
			isa = PBXGroup;
			children = (
				9189CB9321B3653D0044B286 /* WalletModel.swift */,
				9189CB9421B3653D0044B286 /* WalletsStorage.swift */,
			);
			path = Wallets;
			sourceTree = "<group>";
		};
		9189CBAB21B3660E0044B286 /* Extensions */ = {
			isa = PBXGroup;
			children = (
				9189CBAC21B3660E0044B286 /* FloatExtension.swift */,
				9189CBAD21B3660E0044B286 /* ViewControllerExtensions.swift */,
				9189CBAE21B3660E0044B286 /* SearchControllerExtension.swift */,
				9189CBAF21B3660E0044B286 /* StringExtension.swift */,
			);
			path = Extensions;
			sourceTree = "<group>";
		};
		919C7E7B21BDDFAC00E88C7D /* TransactionsHistory */ = {
			isa = PBXGroup;
			children = (
				9189CB7721B364A70044B286 /* TransactionsHistoryService.swift */,
			);
			path = TransactionsHistory;
			sourceTree = "<group>";
		};
		919C7E7C21BDDFBB00E88C7D /* Tokens */ = {
			isa = PBXGroup;
			children = (
				9189CB7021B364A70044B286 /* TokensService.swift */,
			);
			path = Tokens;
			sourceTree = "<group>";
		};
		919C7E7D21BDDFE600E88C7D /* User */ = {
			isa = PBXGroup;
			children = (
				919C7E8021BDE0AC00E88C7D /* Trader */,
				919C7E7F21BDE0A700E88C7D /* Follower */,
			);
			path = User;
			sourceTree = "<group>";
		};
		919C7E7E21BDDFF100E88C7D /* Traders */ = {
			isa = PBXGroup;
			children = (
			);
			path = Traders;
			sourceTree = "<group>";
		};
		919C7E7F21BDE0A700E88C7D /* Follower */ = {
			isa = PBXGroup;
			children = (
			);
			path = Follower;
			sourceTree = "<group>";
		};
		919C7E8021BDE0AC00E88C7D /* Trader */ = {
			isa = PBXGroup;
			children = (
			);
			path = Trader;
			sourceTree = "<group>";
		};
		919C7E8121BDE0B800E88C7D /* Auth */ = {
			isa = PBXGroup;
			children = (
			);
			path = Auth;
			sourceTree = "<group>";
		};
		919C7E8221BDE0C500E88C7D /* Registration */ = {
			isa = PBXGroup;
			children = (
			);
			path = Registration;
			sourceTree = "<group>";
		};
		919C7E8321BDE10D00E88C7D /* Wallet */ = {
			isa = PBXGroup;
			children = (
				919C7ECD21BDF57E00E88C7D /* Balance */,
				919C7ECC21BDF4FC00E88C7D /* Manager */,
				919C7ECB21BDF4BE00E88C7D /* Network */,
				919C7ECA21BDF4B200E88C7D /* Transaction */,
				919C7E7C21BDDFBB00E88C7D /* Tokens */,
				919C7E7B21BDDFAC00E88C7D /* TransactionsHistory */,
			);
			path = Wallet;
			sourceTree = "<group>";
		};
		919C7E8421BDE12300E88C7D /* Follow */ = {
			isa = PBXGroup;
			children = (
				919C7E7E21BDDFF100E88C7D /* Traders */,
				919C7E7D21BDDFE600E88C7D /* User */,
				919C7E8121BDE0B800E88C7D /* Auth */,
				919C7E8221BDE0C500E88C7D /* Registration */,
			);
			path = Follow;
			sourceTree = "<group>";
		};
		919C7E8521BDE1CC00E88C7D /* Wallet */ = {
			isa = PBXGroup;
			children = (
				9189CB8A21B365250044B286 /* Tokens */,
				9189CB8F21B365350044B286 /* Transactions */,
				9189CB9221B3653D0044B286 /* Wallets */,
			);
			path = Wallet;
			sourceTree = "<group>";
		};
		919C7E8621BDE20300E88C7D /* Follow */ = {
			isa = PBXGroup;
			children = (
				E25F356021A9801700D86668 /* User */,
			);
			path = Follow;
			sourceTree = "<group>";
		};
		919C7E8721BDE25300E88C7D /* Formatters */ = {
			isa = PBXGroup;
			children = (
			);
			path = Formatters;
			sourceTree = "<group>";
		};
		919C7E8821BDE26D00E88C7D /* Models */ = {
			isa = PBXGroup;
			children = (
			);
			path = Models;
			sourceTree = "<group>";
		};
		919C7E8921BDE27B00E88C7D /* Helpers */ = {
			isa = PBXGroup;
			children = (
				9189CB9B21B365FC0044B286 /* Constants.swift */,
				9189CB9C21B365FC0044B286 /* UserDefaultKeys.swift */,
				9189CB9F21B365FC0044B286 /* Alerts.swift */,
				91F6E93B21B369080022CF61 /* Parameter.swift */,
				9189CBA021B365FC0044B286 /* Errors.swift */,
				9189CBA121B365FC0044B286 /* DesignElements.swift */,
				9189CBA221B365FD0044B286 /* Colors.swift */,
			);
			path = Helpers;
			sourceTree = "<group>";
		};
		919C7E8A21BDE28C00E88C7D /* Coordinators */ = {
			isa = PBXGroup;
			children = (
			);
			path = Coordinators;
			sourceTree = "<group>";
		};
		919C7E8B21BDE29D00E88C7D /* ViewModels */ = {
			isa = PBXGroup;
			children = (
			);
			path = ViewModels;
			sourceTree = "<group>";
		};
		919C7E8D21BDE2DE00E88C7D /* Localization */ = {
			isa = PBXGroup;
			children = (
			);
			path = Localization;
			sourceTree = "<group>";
		};
		919C7E8E21BDE31B00E88C7D /* App */ = {
			isa = PBXGroup;
			children = (
				661D47DA21A8796A0006D51A /* AppDelegate.swift */,
			);
			path = App;
			sourceTree = "<group>";
		};
		919C7E9121BDE91C00E88C7D /* Lock */ = {
			isa = PBXGroup;
			children = (
				919C7E9F21BDEABC00E88C7D /* ViewControllers */,
				919C7E9E21BDEAB500E88C7D /* Coordinators */,
				919C7E9D21BDEAAA00E88C7D /* ViewModels */,
				919C7E9C21BDEAA000E88C7D /* Views */,
				919C7E9B21BDEA8200E88C7D /* Protection */,
			);
			path = Lock;
			sourceTree = "<group>";
		};
		919C7E9221BDE95900E88C7D /* Onboarding */ = {
			isa = PBXGroup;
			children = (
				919C7EA221BDEAF100E88C7D /* ViewControllers */,
				919C7EA121BDEAEA00E88C7D /* ViewModels */,
				919C7EA021BDEADF00E88C7D /* Views */,
			);
			path = Onboarding;
			sourceTree = "<group>";
		};
		919C7E9621BDE99F00E88C7D /* Traders */ = {
			isa = PBXGroup;
			children = (
				919C7EB921BDECC400E88C7D /* Models */,
				919C7EB821BDECBD00E88C7D /* Configurators */,
				919C7EB721BDECB700E88C7D /* Coordinators */,
				919C7EB521BDECA800E88C7D /* ViewModels */,
				919C7EB421BDECA100E88C7D /* ViewControllers */,
				919C7EB321BDEC9B00E88C7D /* Views */,
			);
			path = Traders;
			sourceTree = "<group>";
		};
		919C7E9821BDE9A900E88C7D /* Profile */ = {
			isa = PBXGroup;
			children = (
				919C7EC121BDEE9F00E88C7D /* Coordinators */,
				919C7EC021BDEE9900E88C7D /* Models */,
				919C7EBF21BDEE8F00E88C7D /* ViewControllers */,
				919C7EBE21BDEE8900E88C7D /* ViewModels */,
				919C7EBD21BDEE8400E88C7D /* Views */,
			);
			path = Profile;
			sourceTree = "<group>";
		};
		919C7E9921BDE9C200E88C7D /* Settings */ = {
			isa = PBXGroup;
			children = (
				919C7EB121BDEC3800E88C7D /* Configurators */,
				919C7EB021BDEC3000E88C7D /* Coordinators */,
				919C7EAF21BDEC2800E88C7D /* Models */,
				919C7EAE21BDEC1800E88C7D /* ViewControllers */,
				919C7EAD21BDEC0000E88C7D /* ViewModels */,
			);
			path = Settings;
			sourceTree = "<group>";
		};
		919C7E9A21BDE9DB00E88C7D /* Transaction */ = {
			isa = PBXGroup;
			children = (
				919C7EAC21BDEBCD00E88C7D /* Models */,
				919C7EAB21BDEBAC00E88C7D /* Configurators */,
				919C7EAA21BDEB9F00E88C7D /* Coordinators */,
				919C7EA921BDEB9500E88C7D /* ViewModels */,
				919C7EA821BDEB8C00E88C7D /* ViewControllers */,
				919C7EA721BDEB8200E88C7D /* Views */,
			);
			path = Transaction;
			sourceTree = "<group>";
		};
		919C7E9B21BDEA8200E88C7D /* Protection */ = {
			isa = PBXGroup;
			children = (
				919C7EA521BDEB1C00E88C7D /* Views */,
				919C7EA421BDEB1100E88C7D /* ViewControllers */,
				919C7EA321BDEB0A00E88C7D /* Coordinators */,
			);
			path = Protection;
			sourceTree = "<group>";
		};
		919C7E9C21BDEAA000E88C7D /* Views */ = {
			isa = PBXGroup;
			children = (
			);
			path = Views;
			sourceTree = "<group>";
		};
		919C7E9D21BDEAAA00E88C7D /* ViewModels */ = {
			isa = PBXGroup;
			children = (
			);
			path = ViewModels;
			sourceTree = "<group>";
		};
		919C7E9E21BDEAB500E88C7D /* Coordinators */ = {
			isa = PBXGroup;
			children = (
			);
			path = Coordinators;
			sourceTree = "<group>";
		};
		919C7E9F21BDEABC00E88C7D /* ViewControllers */ = {
			isa = PBXGroup;
			children = (
			);
			path = ViewControllers;
			sourceTree = "<group>";
		};
		919C7EA021BDEADF00E88C7D /* Views */ = {
			isa = PBXGroup;
			children = (
			);
			path = Views;
			sourceTree = "<group>";
		};
		919C7EA121BDEAEA00E88C7D /* ViewModels */ = {
			isa = PBXGroup;
			children = (
			);
			path = ViewModels;
			sourceTree = "<group>";
		};
		919C7EA221BDEAF100E88C7D /* ViewControllers */ = {
			isa = PBXGroup;
			children = (
			);
			path = ViewControllers;
			sourceTree = "<group>";
		};
		919C7EA321BDEB0A00E88C7D /* Coordinators */ = {
			isa = PBXGroup;
			children = (
			);
			path = Coordinators;
			sourceTree = "<group>";
		};
		919C7EA421BDEB1100E88C7D /* ViewControllers */ = {
			isa = PBXGroup;
			children = (
			);
			path = ViewControllers;
			sourceTree = "<group>";
		};
		919C7EA521BDEB1C00E88C7D /* Views */ = {
			isa = PBXGroup;
			children = (
			);
			path = Views;
			sourceTree = "<group>";
		};
		919C7EA621BDEB3500E88C7D /* Foundation */ = {
			isa = PBXGroup;
			children = (
			);
			path = Foundation;
			sourceTree = "<group>";
		};
		919C7EA721BDEB8200E88C7D /* Views */ = {
			isa = PBXGroup;
			children = (
			);
			path = Views;
			sourceTree = "<group>";
		};
		919C7EA821BDEB8C00E88C7D /* ViewControllers */ = {
			isa = PBXGroup;
			children = (
			);
			path = ViewControllers;
			sourceTree = "<group>";
		};
		919C7EA921BDEB9500E88C7D /* ViewModels */ = {
			isa = PBXGroup;
			children = (
			);
			path = ViewModels;
			sourceTree = "<group>";
		};
		919C7EAA21BDEB9F00E88C7D /* Coordinators */ = {
			isa = PBXGroup;
			children = (
			);
			path = Coordinators;
			sourceTree = "<group>";
		};
		919C7EAB21BDEBAC00E88C7D /* Configurators */ = {
			isa = PBXGroup;
			children = (
			);
			path = Configurators;
			sourceTree = "<group>";
		};
		919C7EAC21BDEBCD00E88C7D /* Models */ = {
			isa = PBXGroup;
			children = (
			);
			path = Models;
			sourceTree = "<group>";
		};
		919C7EAD21BDEC0000E88C7D /* ViewModels */ = {
			isa = PBXGroup;
			children = (
			);
			path = ViewModels;
			sourceTree = "<group>";
		};
		919C7EAE21BDEC1800E88C7D /* ViewControllers */ = {
			isa = PBXGroup;
			children = (
			);
			path = ViewControllers;
			sourceTree = "<group>";
		};
		919C7EAF21BDEC2800E88C7D /* Models */ = {
			isa = PBXGroup;
			children = (
			);
			path = Models;
			sourceTree = "<group>";
		};
		919C7EB021BDEC3000E88C7D /* Coordinators */ = {
			isa = PBXGroup;
			children = (
			);
			path = Coordinators;
			sourceTree = "<group>";
		};
		919C7EB121BDEC3800E88C7D /* Configurators */ = {
			isa = PBXGroup;
			children = (
			);
			path = Configurators;
			sourceTree = "<group>";
		};
		919C7EB321BDEC9B00E88C7D /* Views */ = {
			isa = PBXGroup;
			children = (
			);
			path = Views;
			sourceTree = "<group>";
		};
		919C7EB421BDECA100E88C7D /* ViewControllers */ = {
			isa = PBXGroup;
			children = (
			);
			path = ViewControllers;
			sourceTree = "<group>";
		};
		919C7EB521BDECA800E88C7D /* ViewModels */ = {
			isa = PBXGroup;
			children = (
			);
			path = ViewModels;
			sourceTree = "<group>";
		};
		919C7EB721BDECB700E88C7D /* Coordinators */ = {
			isa = PBXGroup;
			children = (
			);
			path = Coordinators;
			sourceTree = "<group>";
		};
		919C7EB821BDECBD00E88C7D /* Configurators */ = {
			isa = PBXGroup;
			children = (
			);
			path = Configurators;
			sourceTree = "<group>";
		};
		919C7EB921BDECC400E88C7D /* Models */ = {
			isa = PBXGroup;
			children = (
			);
			path = Models;
			sourceTree = "<group>";
		};
		919C7EBD21BDEE8400E88C7D /* Views */ = {
			isa = PBXGroup;
			children = (
			);
			path = Views;
			sourceTree = "<group>";
		};
		919C7EBE21BDEE8900E88C7D /* ViewModels */ = {
			isa = PBXGroup;
			children = (
			);
			path = ViewModels;
			sourceTree = "<group>";
		};
		919C7EBF21BDEE8F00E88C7D /* ViewControllers */ = {
			isa = PBXGroup;
			children = (
			);
			path = ViewControllers;
			sourceTree = "<group>";
		};
		919C7EC021BDEE9900E88C7D /* Models */ = {
			isa = PBXGroup;
			children = (
			);
			path = Models;
			sourceTree = "<group>";
		};
		919C7EC121BDEE9F00E88C7D /* Coordinators */ = {
			isa = PBXGroup;
			children = (
			);
			path = Coordinators;
			sourceTree = "<group>";
		};
		919C7EC221BDF0BF00E88C7D /* Endpoints */ = {
			isa = PBXGroup;
			children = (
				9189CB7821B364A70044B286 /* URLs.swift */,
			);
			path = Endpoints;
			sourceTree = "<group>";
		};
		919C7EC321BDF10300E88C7D /* Errors */ = {
			isa = PBXGroup;
			children = (
				9189CB6C21B364A70044B286 /* NetworkErrors.swift */,
			);
			path = Errors;
			sourceTree = "<group>";
		};
		919C7EC421BDF13D00E88C7D /* Errors */ = {
			isa = PBXGroup;
			children = (
				9189CB8821B365060044B286 /* StorageErrors.swift */,
			);
			path = Errors;
			sourceTree = "<group>";
		};
		919C7ECA21BDF4B200E88C7D /* Transaction */ = {
			isa = PBXGroup;
			children = (
				9189CB7121B364A70044B286 /* Web3Service.swift */,
			);
			path = Transaction;
			sourceTree = "<group>";
		};
		919C7ECB21BDF4BE00E88C7D /* Network */ = {
			isa = PBXGroup;
			children = (
				9189CB7321B364A70044B286 /* NetworkService.swift */,
			);
			path = Network;
			sourceTree = "<group>";
		};
		919C7ECC21BDF4FC00E88C7D /* Manager */ = {
			isa = PBXGroup;
			children = (
				9189CB7521B364A70044B286 /* WalletsService.swift */,
			);
			path = Manager;
			sourceTree = "<group>";
		};
		919C7ECD21BDF57E00E88C7D /* Balance */ = {
			isa = PBXGroup;
			children = (
			);
			path = Balance;
			sourceTree = "<group>";
		};
		919C7ECE21BDF5E500E88C7D /* Views */ = {
			isa = PBXGroup;
			children = (
			);
			path = Views;
			sourceTree = "<group>";
		};
		919C7ECF21BDF5E900E88C7D /* Style */ = {
			isa = PBXGroup;
			children = (
			);
			path = Style;
			sourceTree = "<group>";
		};
		919C7ED021BDF68F00E88C7D /* Presentation */ = {
			isa = PBXGroup;
			children = (
				919C7E9A21BDE9DB00E88C7D /* Transaction */,
				919C7E9921BDE9C200E88C7D /* Settings */,
				919C7E9821BDE9A900E88C7D /* Profile */,
				919C7E9621BDE99F00E88C7D /* Traders */,
				919C7E9221BDE95900E88C7D /* Onboarding */,
				919C7E9121BDE91C00E88C7D /* Lock */,
				919C7E8E21BDE31B00E88C7D /* App */,
			);
			path = Presentation;
			sourceTree = "<group>";
		};
		9DF725F8A3A34F9B153AD0A7 /* Pods */ = {
			isa = PBXGroup;
			children = (
				4D35B566DC649BC58B412DFC /* Pods-FollowApp.debug.xcconfig */,
				E5A0A56A1D984FBA69A13ED4 /* Pods-FollowApp.release.xcconfig */,
			);
			name = Pods;
			sourceTree = "<group>";
		};
		E25F354D21A96C8300D86668 /* Storages */ = {
			isa = PBXGroup;
			children = (
				919C7EC421BDF13D00E88C7D /* Errors */,
				919C7E8621BDE20300E88C7D /* Follow */,
				919C7E8521BDE1CC00E88C7D /* Wallet */,
				9189CB8621B364F20044B286 /* ContainerCD.swift */,
				919C7EC721BDF38D00E88C7D /* FollowCoreData.xcdatamodeld */,
			);
			path = Storages;
			sourceTree = "<group>";
		};
		E25F356021A9801700D86668 /* User */ = {
			isa = PBXGroup;
			children = (
				E25F355021A976C500D86668 /* CurrentUserModel.swift */,
			);
			path = User;
			sourceTree = "<group>";
		};
		ED4A3E70954A77FA9C4774BF /* Frameworks */ = {
			isa = PBXGroup;
			children = (
				E4011C7B80F13ECE44349196 /* Pods_FollowApp.framework */,
			);
			name = Frameworks;
			sourceTree = "<group>";
		};
/* End PBXGroup section */

/* Begin PBXNativeTarget section */
		661D47D621A8796A0006D51A /* FollowApp */ = {
			isa = PBXNativeTarget;
			buildConfigurationList = 661D47E921A879700006D51A /* Build configuration list for PBXNativeTarget "FollowApp" */;
			buildPhases = (
				8760AD0C9F28B4E600BD589F /* [CP] Check Pods Manifest.lock */,
				661D47D321A8796A0006D51A /* Sources */,
				661D47D421A8796A0006D51A /* Frameworks */,
				661D47D521A8796A0006D51A /* Resources */,
				59A8F809C7F0052FA782644F /* [CP] Embed Pods Frameworks */,
			);
			buildRules = (
			);
			dependencies = (
			);
			name = FollowApp;
			productName = FollowApp;
			productReference = 661D47D721A8796A0006D51A /* FollowApp.app */;
			productType = "com.apple.product-type.application";
		};
/* End PBXNativeTarget section */

/* Begin PBXProject section */
		661D47CF21A879690006D51A /* Project object */ = {
			isa = PBXProject;
			attributes = {
				LastSwiftUpdateCheck = 1010;
				LastUpgradeCheck = 1010;
				ORGANIZATIONNAME = Follow;
				TargetAttributes = {
					661D47D621A8796A0006D51A = {
						CreatedOnToolsVersion = 10.1;
					};
				};
			};
			buildConfigurationList = 661D47D221A879690006D51A /* Build configuration list for PBXProject "FollowApp" */;
			compatibilityVersion = "Xcode 9.3";
			developmentRegion = en;
			hasScannedForEncodings = 0;
			knownRegions = (
				en,
				Base,
			);
			mainGroup = 661D47CE21A879690006D51A;
			productRefGroup = 661D47D821A8796A0006D51A /* Products */;
			projectDirPath = "";
			projectRoot = "";
			targets = (
				661D47D621A8796A0006D51A /* FollowApp */,
			);
		};
/* End PBXProject section */

/* Begin PBXResourcesBuildPhase section */
		661D47D521A8796A0006D51A /* Resources */ = {
			isa = PBXResourcesBuildPhase;
			buildActionMask = 2147483647;
			files = (
				661D47E521A879700006D51A /* LaunchScreen.storyboard in Resources */,
				661D47E221A879700006D51A /* Assets.xcassets in Resources */,
			);
			runOnlyForDeploymentPostprocessing = 0;
		};
/* End PBXResourcesBuildPhase section */

/* Begin PBXShellScriptBuildPhase section */
		59A8F809C7F0052FA782644F /* [CP] Embed Pods Frameworks */ = {
			isa = PBXShellScriptBuildPhase;
			buildActionMask = 2147483647;
			files = (
			);
			inputFileListPaths = (
			);
			inputPaths = (
				"${SRCROOT}/Pods/Target Support Files/Pods-FollowApp/Pods-FollowApp-frameworks.sh",
				"${BUILT_PRODUCTS_DIR}/BigInt/BigInt.framework",
				"${BUILT_PRODUCTS_DIR}/CryptoSwift/CryptoSwift.framework",
				"${BUILT_PRODUCTS_DIR}/EthereumABI/EthereumABI.framework",
				"${BUILT_PRODUCTS_DIR}/EthereumAddress/EthereumAddress.framework",
				"${BUILT_PRODUCTS_DIR}/PromiseKit/PromiseKit.framework",
				"${BUILT_PRODUCTS_DIR}/SipHash/SipHash.framework",
				"${BUILT_PRODUCTS_DIR}/SwiftRLP/SwiftRLP.framework",
				"${BUILT_PRODUCTS_DIR}/scrypt/scrypt.framework",
				"${BUILT_PRODUCTS_DIR}/secp256k1_swift/secp256k1_swift.framework",
				"${BUILT_PRODUCTS_DIR}/web3swift/Web3swift.framework",
			);
			name = "[CP] Embed Pods Frameworks";
			outputFileListPaths = (
			);
			outputPaths = (
				"${TARGET_BUILD_DIR}/${FRAMEWORKS_FOLDER_PATH}/BigInt.framework",
				"${TARGET_BUILD_DIR}/${FRAMEWORKS_FOLDER_PATH}/CryptoSwift.framework",
				"${TARGET_BUILD_DIR}/${FRAMEWORKS_FOLDER_PATH}/EthereumABI.framework",
				"${TARGET_BUILD_DIR}/${FRAMEWORKS_FOLDER_PATH}/EthereumAddress.framework",
				"${TARGET_BUILD_DIR}/${FRAMEWORKS_FOLDER_PATH}/PromiseKit.framework",
				"${TARGET_BUILD_DIR}/${FRAMEWORKS_FOLDER_PATH}/SipHash.framework",
				"${TARGET_BUILD_DIR}/${FRAMEWORKS_FOLDER_PATH}/SwiftRLP.framework",
				"${TARGET_BUILD_DIR}/${FRAMEWORKS_FOLDER_PATH}/scrypt.framework",
				"${TARGET_BUILD_DIR}/${FRAMEWORKS_FOLDER_PATH}/secp256k1_swift.framework",
				"${TARGET_BUILD_DIR}/${FRAMEWORKS_FOLDER_PATH}/Web3swift.framework",
			);
			runOnlyForDeploymentPostprocessing = 0;
			shellPath = /bin/sh;
			shellScript = "\"${SRCROOT}/Pods/Target Support Files/Pods-FollowApp/Pods-FollowApp-frameworks.sh\"\n";
			showEnvVarsInLog = 0;
		};
		8760AD0C9F28B4E600BD589F /* [CP] Check Pods Manifest.lock */ = {
			isa = PBXShellScriptBuildPhase;
			buildActionMask = 2147483647;
			files = (
			);
			inputFileListPaths = (
			);
			inputPaths = (
				"${PODS_PODFILE_DIR_PATH}/Podfile.lock",
				"${PODS_ROOT}/Manifest.lock",
			);
			name = "[CP] Check Pods Manifest.lock";
			outputFileListPaths = (
			);
			outputPaths = (
				"$(DERIVED_FILE_DIR)/Pods-FollowApp-checkManifestLockResult.txt",
			);
			runOnlyForDeploymentPostprocessing = 0;
			shellPath = /bin/sh;
			shellScript = "diff \"${PODS_PODFILE_DIR_PATH}/Podfile.lock\" \"${PODS_ROOT}/Manifest.lock\" > /dev/null\nif [ $? != 0 ] ; then\n    # print error to STDERR\n    echo \"error: The sandbox is not in sync with the Podfile.lock. Run 'pod install' or update your CocoaPods installation.\" >&2\n    exit 1\nfi\n# This output is used by Xcode 'outputs' to avoid re-running this script phase.\necho \"SUCCESS\" > \"${SCRIPT_OUTPUT_FILE_0}\"\n";
			showEnvVarsInLog = 0;
		};
/* End PBXShellScriptBuildPhase section */

/* Begin PBXSourcesBuildPhase section */
		661D47D321A8796A0006D51A /* Sources */ = {
			isa = PBXSourcesBuildPhase;
			buildActionMask = 2147483647;
			files = (
				91F6E93A21B368DE0022CF61 /* TransactionModel.swift in Sources */,
				9189CB9621B3653D0044B286 /* WalletsStorage.swift in Sources */,
				9189CBAA21B365FD0044B286 /* Colors.swift in Sources */,
				9189CB8521B364A70044B286 /* URLs.swift in Sources */,
				9189CB8D21B365250044B286 /* ERC20TokenModel.swift in Sources */,
				9189CBB221B3660F0044B286 /* SearchControllerExtension.swift in Sources */,
				9189CB7921B364A70044B286 /* FiatService.swift in Sources */,
				9189CB7D21B364A70044B286 /* NetworkErrors.swift in Sources */,
				9189CB8E21B365250044B286 /* TokensStorage.swift in Sources */,
				919C7EC921BDF38D00E88C7D /* FollowCoreData.xcdatamodeld in Sources */,
				9189CB9121B365350044B286 /* TransactionsStorage.swift in Sources */,
				9189CBA921B365FD0044B286 /* DesignElements.swift in Sources */,
				9189CB8721B364F20044B286 /* ContainerCD.swift in Sources */,
				91F6E93C21B369090022CF61 /* Parameter.swift in Sources */,
				9189CB8021B364A70044B286 /* Web3Service.swift in Sources */,
				9189CBB321B3660F0044B286 /* StringExtension.swift in Sources */,
				9189CBB021B3660F0044B286 /* FloatExtension.swift in Sources */,
				9189CB8221B364A70044B286 /* NetworkService.swift in Sources */,
				9189CBA321B365FD0044B286 /* Constants.swift in Sources */,
				9189CB7B21B364A70044B286 /* BiometricsService.swift in Sources */,
				9189CBA821B365FD0044B286 /* Errors.swift in Sources */,
				9189CB7A21B364A70044B286 /* KeychainService.swift in Sources */,
				9189CB8321B364A70044B286 /* WalletsService.swift in Sources */,
				E25F355121A976C500D86668 /* CurrentUserModel.swift in Sources */,
				9189CBB121B3660F0044B286 /* ViewControllerExtensions.swift in Sources */,
				9189CBA421B365FD0044B286 /* UserDefaultKeys.swift in Sources */,
				9189CBA721B365FD0044B286 /* Alerts.swift in Sources */,
				9189CB7F21B364A70044B286 /* TokensService.swift in Sources */,
				9189CB8421B364A70044B286 /* TransactionsHistoryService.swift in Sources */,
				9189CB8921B365060044B286 /* StorageErrors.swift in Sources */,
				9189CB9521B3653D0044B286 /* WalletModel.swift in Sources */,
				661D47DB21A8796A0006D51A /* AppDelegate.swift in Sources */,
			);
			runOnlyForDeploymentPostprocessing = 0;
		};
/* End PBXSourcesBuildPhase section */

/* Begin PBXVariantGroup section */
		661D47E321A879700006D51A /* LaunchScreen.storyboard */ = {
			isa = PBXVariantGroup;
			children = (
				661D47E421A879700006D51A /* Base */,
			);
			name = LaunchScreen.storyboard;
			sourceTree = "<group>";
		};
/* End PBXVariantGroup section */

/* Begin XCBuildConfiguration section */
		661D47E721A879700006D51A /* Debug */ = {
			isa = XCBuildConfiguration;
			buildSettings = {
				ALWAYS_SEARCH_USER_PATHS = NO;
				CLANG_ANALYZER_NONNULL = YES;
				CLANG_ANALYZER_NUMBER_OBJECT_CONVERSION = YES_AGGRESSIVE;
				CLANG_CXX_LANGUAGE_STANDARD = "gnu++14";
				CLANG_CXX_LIBRARY = "libc++";
				CLANG_ENABLE_MODULES = YES;
				CLANG_ENABLE_OBJC_ARC = YES;
				CLANG_ENABLE_OBJC_WEAK = YES;
				CLANG_WARN_BLOCK_CAPTURE_AUTORELEASING = YES;
				CLANG_WARN_BOOL_CONVERSION = YES;
				CLANG_WARN_COMMA = YES;
				CLANG_WARN_CONSTANT_CONVERSION = YES;
				CLANG_WARN_DEPRECATED_OBJC_IMPLEMENTATIONS = YES;
				CLANG_WARN_DIRECT_OBJC_ISA_USAGE = YES_ERROR;
				CLANG_WARN_DOCUMENTATION_COMMENTS = YES;
				CLANG_WARN_EMPTY_BODY = YES;
				CLANG_WARN_ENUM_CONVERSION = YES;
				CLANG_WARN_INFINITE_RECURSION = YES;
				CLANG_WARN_INT_CONVERSION = YES;
				CLANG_WARN_NON_LITERAL_NULL_CONVERSION = YES;
				CLANG_WARN_OBJC_IMPLICIT_RETAIN_SELF = YES;
				CLANG_WARN_OBJC_LITERAL_CONVERSION = YES;
				CLANG_WARN_OBJC_ROOT_CLASS = YES_ERROR;
				CLANG_WARN_RANGE_LOOP_ANALYSIS = YES;
				CLANG_WARN_STRICT_PROTOTYPES = YES;
				CLANG_WARN_SUSPICIOUS_MOVE = YES;
				CLANG_WARN_UNGUARDED_AVAILABILITY = YES_AGGRESSIVE;
				CLANG_WARN_UNREACHABLE_CODE = YES;
				CLANG_WARN__DUPLICATE_METHOD_MATCH = YES;
				CODE_SIGN_IDENTITY = "iPhone Developer";
				COPY_PHASE_STRIP = NO;
				DEBUG_INFORMATION_FORMAT = dwarf;
				ENABLE_STRICT_OBJC_MSGSEND = YES;
				ENABLE_TESTABILITY = YES;
				GCC_C_LANGUAGE_STANDARD = gnu11;
				GCC_DYNAMIC_NO_PIC = NO;
				GCC_NO_COMMON_BLOCKS = YES;
				GCC_OPTIMIZATION_LEVEL = 0;
				GCC_PREPROCESSOR_DEFINITIONS = (
					"DEBUG=1",
					"$(inherited)",
				);
				GCC_WARN_64_TO_32_BIT_CONVERSION = YES;
				GCC_WARN_ABOUT_RETURN_TYPE = YES_ERROR;
				GCC_WARN_UNDECLARED_SELECTOR = YES;
				GCC_WARN_UNINITIALIZED_AUTOS = YES_AGGRESSIVE;
				GCC_WARN_UNUSED_FUNCTION = YES;
				GCC_WARN_UNUSED_VARIABLE = YES;
				IPHONEOS_DEPLOYMENT_TARGET = 12.1;
				MTL_ENABLE_DEBUG_INFO = INCLUDE_SOURCE;
				MTL_FAST_MATH = YES;
				ONLY_ACTIVE_ARCH = YES;
				SDKROOT = iphoneos;
				SWIFT_ACTIVE_COMPILATION_CONDITIONS = DEBUG;
				SWIFT_OPTIMIZATION_LEVEL = "-Onone";
			};
			name = Debug;
		};
		661D47E821A879700006D51A /* Release */ = {
			isa = XCBuildConfiguration;
			buildSettings = {
				ALWAYS_SEARCH_USER_PATHS = NO;
				CLANG_ANALYZER_NONNULL = YES;
				CLANG_ANALYZER_NUMBER_OBJECT_CONVERSION = YES_AGGRESSIVE;
				CLANG_CXX_LANGUAGE_STANDARD = "gnu++14";
				CLANG_CXX_LIBRARY = "libc++";
				CLANG_ENABLE_MODULES = YES;
				CLANG_ENABLE_OBJC_ARC = YES;
				CLANG_ENABLE_OBJC_WEAK = YES;
				CLANG_WARN_BLOCK_CAPTURE_AUTORELEASING = YES;
				CLANG_WARN_BOOL_CONVERSION = YES;
				CLANG_WARN_COMMA = YES;
				CLANG_WARN_CONSTANT_CONVERSION = YES;
				CLANG_WARN_DEPRECATED_OBJC_IMPLEMENTATIONS = YES;
				CLANG_WARN_DIRECT_OBJC_ISA_USAGE = YES_ERROR;
				CLANG_WARN_DOCUMENTATION_COMMENTS = YES;
				CLANG_WARN_EMPTY_BODY = YES;
				CLANG_WARN_ENUM_CONVERSION = YES;
				CLANG_WARN_INFINITE_RECURSION = YES;
				CLANG_WARN_INT_CONVERSION = YES;
				CLANG_WARN_NON_LITERAL_NULL_CONVERSION = YES;
				CLANG_WARN_OBJC_IMPLICIT_RETAIN_SELF = YES;
				CLANG_WARN_OBJC_LITERAL_CONVERSION = YES;
				CLANG_WARN_OBJC_ROOT_CLASS = YES_ERROR;
				CLANG_WARN_RANGE_LOOP_ANALYSIS = YES;
				CLANG_WARN_STRICT_PROTOTYPES = YES;
				CLANG_WARN_SUSPICIOUS_MOVE = YES;
				CLANG_WARN_UNGUARDED_AVAILABILITY = YES_AGGRESSIVE;
				CLANG_WARN_UNREACHABLE_CODE = YES;
				CLANG_WARN__DUPLICATE_METHOD_MATCH = YES;
				CODE_SIGN_IDENTITY = "iPhone Developer";
				COPY_PHASE_STRIP = NO;
				DEBUG_INFORMATION_FORMAT = "dwarf-with-dsym";
				ENABLE_NS_ASSERTIONS = NO;
				ENABLE_STRICT_OBJC_MSGSEND = YES;
				GCC_C_LANGUAGE_STANDARD = gnu11;
				GCC_NO_COMMON_BLOCKS = YES;
				GCC_WARN_64_TO_32_BIT_CONVERSION = YES;
				GCC_WARN_ABOUT_RETURN_TYPE = YES_ERROR;
				GCC_WARN_UNDECLARED_SELECTOR = YES;
				GCC_WARN_UNINITIALIZED_AUTOS = YES_AGGRESSIVE;
				GCC_WARN_UNUSED_FUNCTION = YES;
				GCC_WARN_UNUSED_VARIABLE = YES;
				IPHONEOS_DEPLOYMENT_TARGET = 12.1;
				MTL_ENABLE_DEBUG_INFO = NO;
				MTL_FAST_MATH = YES;
				SDKROOT = iphoneos;
				SWIFT_COMPILATION_MODE = wholemodule;
				SWIFT_OPTIMIZATION_LEVEL = "-O";
				VALIDATE_PRODUCT = YES;
			};
			name = Release;
		};
		661D47EA21A879700006D51A /* Debug */ = {
			isa = XCBuildConfiguration;
			baseConfigurationReference = 4D35B566DC649BC58B412DFC /* Pods-FollowApp.debug.xcconfig */;
			buildSettings = {
				ASSETCATALOG_COMPILER_APPICON_NAME = AppIcon;
				CODE_SIGN_STYLE = Automatic;
				DEVELOPMENT_TEAM = 8DB897QKJA;
				INFOPLIST_FILE = FollowApp/Info.plist;
				LD_RUNPATH_SEARCH_PATHS = (
					"$(inherited)",
					"@executable_path/Frameworks",
				);
				PRODUCT_BUNDLE_IDENTIFIER = io.follow.FollowApp;
				PRODUCT_NAME = "$(TARGET_NAME)";
				SWIFT_VERSION = 4.2;
				TARGETED_DEVICE_FAMILY = "1,2";
			};
			name = Debug;
		};
		661D47EB21A879700006D51A /* Release */ = {
			isa = XCBuildConfiguration;
			baseConfigurationReference = E5A0A56A1D984FBA69A13ED4 /* Pods-FollowApp.release.xcconfig */;
			buildSettings = {
				ASSETCATALOG_COMPILER_APPICON_NAME = AppIcon;
				CODE_SIGN_STYLE = Automatic;
				DEVELOPMENT_TEAM = 8DB897QKJA;
				INFOPLIST_FILE = FollowApp/Info.plist;
				LD_RUNPATH_SEARCH_PATHS = (
					"$(inherited)",
					"@executable_path/Frameworks",
				);
				PRODUCT_BUNDLE_IDENTIFIER = io.follow.FollowApp;
				PRODUCT_NAME = "$(TARGET_NAME)";
				SWIFT_VERSION = 4.2;
				TARGETED_DEVICE_FAMILY = "1,2";
			};
			name = Release;
		};
/* End XCBuildConfiguration section */

/* Begin XCConfigurationList section */
		661D47D221A879690006D51A /* Build configuration list for PBXProject "FollowApp" */ = {
			isa = XCConfigurationList;
			buildConfigurations = (
				661D47E721A879700006D51A /* Debug */,
				661D47E821A879700006D51A /* Release */,
			);
			defaultConfigurationIsVisible = 0;
			defaultConfigurationName = Release;
		};
		661D47E921A879700006D51A /* Build configuration list for PBXNativeTarget "FollowApp" */ = {
			isa = XCConfigurationList;
			buildConfigurations = (
				661D47EA21A879700006D51A /* Debug */,
				661D47EB21A879700006D51A /* Release */,
			);
			defaultConfigurationIsVisible = 0;
			defaultConfigurationName = Release;
		};
/* End XCConfigurationList section */

/* Begin XCVersionGroup section */
		919C7EC721BDF38D00E88C7D /* FollowCoreData.xcdatamodeld */ = {
			isa = XCVersionGroup;
			children = (
				919C7EC821BDF38D00E88C7D /* FollowCoreData.xcdatamodel */,
			);
			currentVersion = 919C7EC821BDF38D00E88C7D /* FollowCoreData.xcdatamodel */;
			path = FollowCoreData.xcdatamodeld;
			sourceTree = "<group>";
			versionGroupType = wrapper.xcdatamodel;
		};
/* End XCVersionGroup section */
	};
	rootObject = 661D47CF21A879690006D51A /* Project object */;
}
