// !$*UTF8*$!
{
	archiveVersion = 1;
	classes = {
	};
	objectVersion = 50;
	objects = {

/* Begin PBXBuildFile section */
		661D47DB21A8796A0006D51A /* AppDelegate.swift in Sources */ = {isa = PBXBuildFile; fileRef = 661D47DA21A8796A0006D51A /* AppDelegate.swift */; };
		661D47E221A879700006D51A /* Assets.xcassets in Resources */ = {isa = PBXBuildFile; fileRef = 661D47E121A879700006D51A /* Assets.xcassets */; };
		661D47E521A879700006D51A /* LaunchScreen.storyboard in Resources */ = {isa = PBXBuildFile; fileRef = 661D47E321A879700006D51A /* LaunchScreen.storyboard */; };
		661D47F421A87B550006D51A /* IRequestSender.swift in Sources */ = {isa = PBXBuildFile; fileRef = 661D47F321A87B550006D51A /* IRequestSender.swift */; };
		661D47F621A87B5F0006D51A /* RequestSender.swift in Sources */ = {isa = PBXBuildFile; fileRef = 661D47F521A87B5F0006D51A /* RequestSender.swift */; };
		661D47F921A87C160006D51A /* RequestConfig.swift in Sources */ = {isa = PBXBuildFile; fileRef = 661D47F821A87C160006D51A /* RequestConfig.swift */; };
		661D480121A87E8C0006D51A /* RequestFactory.swift in Sources */ = {isa = PBXBuildFile; fileRef = 661D480021A87E8C0006D51A /* RequestFactory.swift */; };
		661D480421A87F0E0006D51A /* IRequest.swift in Sources */ = {isa = PBXBuildFile; fileRef = 661D480321A87F0E0006D51A /* IRequest.swift */; };
		661D480721A87F3F0006D51A /* IParser.swift in Sources */ = {isa = PBXBuildFile; fileRef = 661D480621A87F3F0006D51A /* IParser.swift */; };
		661D480921A87F920006D51A /* Result.swift in Sources */ = {isa = PBXBuildFile; fileRef = 661D480821A87F920006D51A /* Result.swift */; };
		661D480B21A882F20006D51A /* MainTabAssembly.swift in Sources */ = {isa = PBXBuildFile; fileRef = 661D480A21A882F20006D51A /* MainTabAssembly.swift */; };
/* End PBXBuildFile section */

/* Begin PBXFileReference section */
		661D47D721A8796A0006D51A /* FollowApp.app */ = {isa = PBXFileReference; explicitFileType = wrapper.application; includeInIndex = 0; path = FollowApp.app; sourceTree = BUILT_PRODUCTS_DIR; };
		661D47DA21A8796A0006D51A /* AppDelegate.swift */ = {isa = PBXFileReference; lastKnownFileType = sourcecode.swift; path = AppDelegate.swift; sourceTree = "<group>"; };
		661D47E121A879700006D51A /* Assets.xcassets */ = {isa = PBXFileReference; lastKnownFileType = folder.assetcatalog; path = Assets.xcassets; sourceTree = "<group>"; };
		661D47E421A879700006D51A /* Base */ = {isa = PBXFileReference; lastKnownFileType = file.storyboard; name = Base; path = Base.lproj/LaunchScreen.storyboard; sourceTree = "<group>"; };
		661D47E621A879700006D51A /* Info.plist */ = {isa = PBXFileReference; lastKnownFileType = text.plist.xml; path = Info.plist; sourceTree = "<group>"; };
		661D47F321A87B550006D51A /* IRequestSender.swift */ = {isa = PBXFileReference; lastKnownFileType = sourcecode.swift; path = IRequestSender.swift; sourceTree = "<group>"; };
		661D47F521A87B5F0006D51A /* RequestSender.swift */ = {isa = PBXFileReference; lastKnownFileType = sourcecode.swift; path = RequestSender.swift; sourceTree = "<group>"; };
		661D47F821A87C160006D51A /* RequestConfig.swift */ = {isa = PBXFileReference; lastKnownFileType = sourcecode.swift; path = RequestConfig.swift; sourceTree = "<group>"; };
		661D480021A87E8C0006D51A /* RequestFactory.swift */ = {isa = PBXFileReference; lastKnownFileType = sourcecode.swift; path = RequestFactory.swift; sourceTree = "<group>"; };
		661D480321A87F0E0006D51A /* IRequest.swift */ = {isa = PBXFileReference; lastKnownFileType = sourcecode.swift; path = IRequest.swift; sourceTree = "<group>"; };
		661D480621A87F3F0006D51A /* IParser.swift */ = {isa = PBXFileReference; lastKnownFileType = sourcecode.swift; path = IParser.swift; sourceTree = "<group>"; };
		661D480821A87F920006D51A /* Result.swift */ = {isa = PBXFileReference; lastKnownFileType = sourcecode.swift; path = Result.swift; sourceTree = "<group>"; };
		661D480A21A882F20006D51A /* MainTabAssembly.swift */ = {isa = PBXFileReference; lastKnownFileType = sourcecode.swift; path = MainTabAssembly.swift; sourceTree = "<group>"; };
/* End PBXFileReference section */

/* Begin PBXFrameworksBuildPhase section */
		661D47D421A8796A0006D51A /* Frameworks */ = {
			isa = PBXFrameworksBuildPhase;
			buildActionMask = 2147483647;
			files = (
			);
			runOnlyForDeploymentPostprocessing = 0;
		};
/* End PBXFrameworksBuildPhase section */

/* Begin PBXGroup section */
		661D47CE21A879690006D51A = {
			isa = PBXGroup;
			children = (
				661D47D921A8796A0006D51A /* FollowApp */,
				661D47D821A8796A0006D51A /* Products */,
			);
			sourceTree = "<group>";
		};
		661D47D821A8796A0006D51A /* Products */ = {
			isa = PBXGroup;
			children = (
				661D47D721A8796A0006D51A /* FollowApp.app */,
			);
			name = Products;
			sourceTree = "<group>";
		};
		661D47D921A8796A0006D51A /* FollowApp */ = {
			isa = PBXGroup;
			children = (
				661D47EC21A87A3B0006D51A /* Presentation Layer */,
				661D47ED21A87A470006D51A /* Service Layer */,
				661D47EE21A87A4F0006D51A /* Core Layer */,
				661D47DA21A8796A0006D51A /* AppDelegate.swift */,
				661D47E121A879700006D51A /* Assets.xcassets */,
				661D47E321A879700006D51A /* LaunchScreen.storyboard */,
				661D47E621A879700006D51A /* Info.plist */,
			);
			path = FollowApp;
			sourceTree = "<group>";
		};
		661D47EC21A87A3B0006D51A /* Presentation Layer */ = {
			isa = PBXGroup;
			children = (
				661D47FB21A87CF50006D51A /* MainTab */,
				661D47FA21A87CE70006D51A /* Authentication */,
			);
			path = "Presentation Layer";
			sourceTree = "<group>";
		};
		661D47ED21A87A470006D51A /* Service Layer */ = {
			isa = PBXGroup;
			children = (
			);
			path = "Service Layer";
			sourceTree = "<group>";
		};
		661D47EE21A87A4F0006D51A /* Core Layer */ = {
			isa = PBXGroup;
			children = (
				661D47F121A87ABB0006D51A /* Storage */,
				661D47F021A87AB40006D51A /* Network */,
			);
			path = "Core Layer";
			sourceTree = "<group>";
		};
		661D47F021A87AB40006D51A /* Network */ = {
			isa = PBXGroup;
			children = (
				661D480521A87F290006D51A /* Parser */,
				661D480221A87EF80006D51A /* Request */,
				661D47F221A87B1A0006D51A /* RequestSender */,
				661D480821A87F920006D51A /* Result.swift */,
			);
			path = Network;
			sourceTree = "<group>";
		};
		661D47F121A87ABB0006D51A /* Storage */ = {
			isa = PBXGroup;
			children = (
			);
			path = Storage;
			sourceTree = "<group>";
		};
		661D47F221A87B1A0006D51A /* RequestSender */ = {
			isa = PBXGroup;
			children = (
				661D47F721A87C050006D51A /* RequestConfig */,
				661D47F321A87B550006D51A /* IRequestSender.swift */,
				661D47F521A87B5F0006D51A /* RequestSender.swift */,
				661D480021A87E8C0006D51A /* RequestFactory.swift */,
			);
			path = RequestSender;
			sourceTree = "<group>";
		};
		661D47F721A87C050006D51A /* RequestConfig */ = {
			isa = PBXGroup;
			children = (
				661D47F821A87C160006D51A /* RequestConfig.swift */,
			);
			path = RequestConfig;
			sourceTree = "<group>";
		};
		661D47FA21A87CE70006D51A /* Authentication */ = {
			isa = PBXGroup;
			children = (
			);
			path = Authentication;
			sourceTree = "<group>";
		};
		661D47FB21A87CF50006D51A /* MainTab */ = {
			isa = PBXGroup;
			children = (
				661D47FC21A87DE60006D51A /* Assembly */,
				661D47FF21A87E3C0006D51A /* TradersList */,
				661D47FD21A87DF60006D51A /* Chat */,
				661D47FE21A87E340006D51A /* Profile */,
			);
			path = MainTab;
			sourceTree = "<group>";
		};
		661D47FC21A87DE60006D51A /* Assembly */ = {
			isa = PBXGroup;
			children = (
				661D480A21A882F20006D51A /* MainTabAssembly.swift */,
			);
			path = Assembly;
			sourceTree = "<group>";
		};
		661D47FD21A87DF60006D51A /* Chat */ = {
			isa = PBXGroup;
			children = (
			);
			path = Chat;
			sourceTree = "<group>";
		};
		661D47FE21A87E340006D51A /* Profile */ = {
			isa = PBXGroup;
			children = (
			);
			path = Profile;
			sourceTree = "<group>";
		};
		661D47FF21A87E3C0006D51A /* TradersList */ = {
			isa = PBXGroup;
			children = (
			);
			path = TradersList;
			sourceTree = "<group>";
		};
		661D480221A87EF80006D51A /* Request */ = {
			isa = PBXGroup;
			children = (
				661D480321A87F0E0006D51A /* IRequest.swift */,
			);
			path = Request;
			sourceTree = "<group>";
		};
		661D480521A87F290006D51A /* Parser */ = {
			isa = PBXGroup;
			children = (
				661D480621A87F3F0006D51A /* IParser.swift */,
			);
			path = Parser;
			sourceTree = "<group>";
		};
/* End PBXGroup section */

/* Begin PBXNativeTarget section */
		661D47D621A8796A0006D51A /* FollowApp */ = {
			isa = PBXNativeTarget;
			buildConfigurationList = 661D47E921A879700006D51A /* Build configuration list for PBXNativeTarget "FollowApp" */;
			buildPhases = (
				661D47D321A8796A0006D51A /* Sources */,
				661D47D421A8796A0006D51A /* Frameworks */,
				661D47D521A8796A0006D51A /* Resources */,
			);
			buildRules = (
			);
			dependencies = (
			);
			name = FollowApp;
			productName = FollowApp;
			productReference = 661D47D721A8796A0006D51A /* FollowApp.app */;
			productType = "com.apple.product-type.application";
		};
/* End PBXNativeTarget section */

/* Begin PBXProject section */
		661D47CF21A879690006D51A /* Project object */ = {
			isa = PBXProject;
			attributes = {
				LastSwiftUpdateCheck = 1010;
				LastUpgradeCheck = 1010;
				ORGANIZATIONNAME = Follow;
				TargetAttributes = {
					661D47D621A8796A0006D51A = {
						CreatedOnToolsVersion = 10.1;
					};
				};
			};
			buildConfigurationList = 661D47D221A879690006D51A /* Build configuration list for PBXProject "FollowApp" */;
			compatibilityVersion = "Xcode 9.3";
			developmentRegion = en;
			hasScannedForEncodings = 0;
			knownRegions = (
				en,
				Base,
			);
			mainGroup = 661D47CE21A879690006D51A;
			productRefGroup = 661D47D821A8796A0006D51A /* Products */;
			projectDirPath = "";
			projectRoot = "";
			targets = (
				661D47D621A8796A0006D51A /* FollowApp */,
			);
		};
/* End PBXProject section */

/* Begin PBXResourcesBuildPhase section */
		661D47D521A8796A0006D51A /* Resources */ = {
			isa = PBXResourcesBuildPhase;
			buildActionMask = 2147483647;
			files = (
				661D47E521A879700006D51A /* LaunchScreen.storyboard in Resources */,
				661D47E221A879700006D51A /* Assets.xcassets in Resources */,
			);
			runOnlyForDeploymentPostprocessing = 0;
		};
/* End PBXResourcesBuildPhase section */

/* Begin PBXSourcesBuildPhase section */
		661D47D321A8796A0006D51A /* Sources */ = {
			isa = PBXSourcesBuildPhase;
			buildActionMask = 2147483647;
			files = (
				661D480921A87F920006D51A /* Result.swift in Sources */,
				661D480B21A882F20006D51A /* MainTabAssembly.swift in Sources */,
				661D480121A87E8C0006D51A /* RequestFactory.swift in Sources */,
				661D480421A87F0E0006D51A /* IRequest.swift in Sources */,
				661D47F921A87C160006D51A /* RequestConfig.swift in Sources */,
				661D47F621A87B5F0006D51A /* RequestSender.swift in Sources */,
				661D47F421A87B550006D51A /* IRequestSender.swift in Sources */,
				661D480721A87F3F0006D51A /* IParser.swift in Sources */,
				661D47DB21A8796A0006D51A /* AppDelegate.swift in Sources */,
			);
			runOnlyForDeploymentPostprocessing = 0;
		};
/* End PBXSourcesBuildPhase section */

/* Begin PBXVariantGroup section */
		661D47E321A879700006D51A /* LaunchScreen.storyboard */ = {
			isa = PBXVariantGroup;
			children = (
				661D47E421A879700006D51A /* Base */,
			);
			name = LaunchScreen.storyboard;
			sourceTree = "<group>";
		};
/* End PBXVariantGroup section */

/* Begin XCBuildConfiguration section */
		661D47E721A879700006D51A /* Debug */ = {
			isa = XCBuildConfiguration;
			buildSettings = {
				ALWAYS_SEARCH_USER_PATHS = NO;
				CLANG_ANALYZER_NONNULL = YES;
				CLANG_ANALYZER_NUMBER_OBJECT_CONVERSION = YES_AGGRESSIVE;
				CLANG_CXX_LANGUAGE_STANDARD = "gnu++14";
				CLANG_CXX_LIBRARY = "libc++";
				CLANG_ENABLE_MODULES = YES;
				CLANG_ENABLE_OBJC_ARC = YES;
				CLANG_ENABLE_OBJC_WEAK = YES;
				CLANG_WARN_BLOCK_CAPTURE_AUTORELEASING = YES;
				CLANG_WARN_BOOL_CONVERSION = YES;
				CLANG_WARN_COMMA = YES;
				CLANG_WARN_CONSTANT_CONVERSION = YES;
				CLANG_WARN_DEPRECATED_OBJC_IMPLEMENTATIONS = YES;
				CLANG_WARN_DIRECT_OBJC_ISA_USAGE = YES_ERROR;
				CLANG_WARN_DOCUMENTATION_COMMENTS = YES;
				CLANG_WARN_EMPTY_BODY = YES;
				CLANG_WARN_ENUM_CONVERSION = YES;
				CLANG_WARN_INFINITE_RECURSION = YES;
				CLANG_WARN_INT_CONVERSION = YES;
				CLANG_WARN_NON_LITERAL_NULL_CONVERSION = YES;
				CLANG_WARN_OBJC_IMPLICIT_RETAIN_SELF = YES;
				CLANG_WARN_OBJC_LITERAL_CONVERSION = YES;
				CLANG_WARN_OBJC_ROOT_CLASS = YES_ERROR;
				CLANG_WARN_RANGE_LOOP_ANALYSIS = YES;
				CLANG_WARN_STRICT_PROTOTYPES = YES;
				CLANG_WARN_SUSPICIOUS_MOVE = YES;
				CLANG_WARN_UNGUARDED_AVAILABILITY = YES_AGGRESSIVE;
				CLANG_WARN_UNREACHABLE_CODE = YES;
				CLANG_WARN__DUPLICATE_METHOD_MATCH = YES;
				CODE_SIGN_IDENTITY = "iPhone Developer";
				COPY_PHASE_STRIP = NO;
				DEBUG_INFORMATION_FORMAT = dwarf;
				ENABLE_STRICT_OBJC_MSGSEND = YES;
				ENABLE_TESTABILITY = YES;
				GCC_C_LANGUAGE_STANDARD = gnu11;
				GCC_DYNAMIC_NO_PIC = NO;
				GCC_NO_COMMON_BLOCKS = YES;
				GCC_OPTIMIZATION_LEVEL = 0;
				GCC_PREPROCESSOR_DEFINITIONS = (
					"DEBUG=1",
					"$(inherited)",
				);
				GCC_WARN_64_TO_32_BIT_CONVERSION = YES;
				GCC_WARN_ABOUT_RETURN_TYPE = YES_ERROR;
				GCC_WARN_UNDECLARED_SELECTOR = YES;
				GCC_WARN_UNINITIALIZED_AUTOS = YES_AGGRESSIVE;
				GCC_WARN_UNUSED_FUNCTION = YES;
				GCC_WARN_UNUSED_VARIABLE = YES;
				IPHONEOS_DEPLOYMENT_TARGET = 12.1;
				MTL_ENABLE_DEBUG_INFO = INCLUDE_SOURCE;
				MTL_FAST_MATH = YES;
				ONLY_ACTIVE_ARCH = YES;
				SDKROOT = iphoneos;
				SWIFT_ACTIVE_COMPILATION_CONDITIONS = DEBUG;
				SWIFT_OPTIMIZATION_LEVEL = "-Onone";
			};
			name = Debug;
		};
		661D47E821A879700006D51A /* Release */ = {
			isa = XCBuildConfiguration;
			buildSettings = {
				ALWAYS_SEARCH_USER_PATHS = NO;
				CLANG_ANALYZER_NONNULL = YES;
				CLANG_ANALYZER_NUMBER_OBJECT_CONVERSION = YES_AGGRESSIVE;
				CLANG_CXX_LANGUAGE_STANDARD = "gnu++14";
				CLANG_CXX_LIBRARY = "libc++";
				CLANG_ENABLE_MODULES = YES;
				CLANG_ENABLE_OBJC_ARC = YES;
				CLANG_ENABLE_OBJC_WEAK = YES;
				CLANG_WARN_BLOCK_CAPTURE_AUTORELEASING = YES;
				CLANG_WARN_BOOL_CONVERSION = YES;
				CLANG_WARN_COMMA = YES;
				CLANG_WARN_CONSTANT_CONVERSION = YES;
				CLANG_WARN_DEPRECATED_OBJC_IMPLEMENTATIONS = YES;
				CLANG_WARN_DIRECT_OBJC_ISA_USAGE = YES_ERROR;
				CLANG_WARN_DOCUMENTATION_COMMENTS = YES;
				CLANG_WARN_EMPTY_BODY = YES;
				CLANG_WARN_ENUM_CONVERSION = YES;
				CLANG_WARN_INFINITE_RECURSION = YES;
				CLANG_WARN_INT_CONVERSION = YES;
				CLANG_WARN_NON_LITERAL_NULL_CONVERSION = YES;
				CLANG_WARN_OBJC_IMPLICIT_RETAIN_SELF = YES;
				CLANG_WARN_OBJC_LITERAL_CONVERSION = YES;
				CLANG_WARN_OBJC_ROOT_CLASS = YES_ERROR;
				CLANG_WARN_RANGE_LOOP_ANALYSIS = YES;
				CLANG_WARN_STRICT_PROTOTYPES = YES;
				CLANG_WARN_SUSPICIOUS_MOVE = YES;
				CLANG_WARN_UNGUARDED_AVAILABILITY = YES_AGGRESSIVE;
				CLANG_WARN_UNREACHABLE_CODE = YES;
				CLANG_WARN__DUPLICATE_METHOD_MATCH = YES;
				CODE_SIGN_IDENTITY = "iPhone Developer";
				COPY_PHASE_STRIP = NO;
				DEBUG_INFORMATION_FORMAT = "dwarf-with-dsym";
				ENABLE_NS_ASSERTIONS = NO;
				ENABLE_STRICT_OBJC_MSGSEND = YES;
				GCC_C_LANGUAGE_STANDARD = gnu11;
				GCC_NO_COMMON_BLOCKS = YES;
				GCC_WARN_64_TO_32_BIT_CONVERSION = YES;
				GCC_WARN_ABOUT_RETURN_TYPE = YES_ERROR;
				GCC_WARN_UNDECLARED_SELECTOR = YES;
				GCC_WARN_UNINITIALIZED_AUTOS = YES_AGGRESSIVE;
				GCC_WARN_UNUSED_FUNCTION = YES;
				GCC_WARN_UNUSED_VARIABLE = YES;
				IPHONEOS_DEPLOYMENT_TARGET = 12.1;
				MTL_ENABLE_DEBUG_INFO = NO;
				MTL_FAST_MATH = YES;
				SDKROOT = iphoneos;
				SWIFT_COMPILATION_MODE = wholemodule;
				SWIFT_OPTIMIZATION_LEVEL = "-O";
				VALIDATE_PRODUCT = YES;
			};
			name = Release;
		};
		661D47EA21A879700006D51A /* Debug */ = {
			isa = XCBuildConfiguration;
			buildSettings = {
				ASSETCATALOG_COMPILER_APPICON_NAME = AppIcon;
				CODE_SIGN_STYLE = Automatic;
				DEVELOPMENT_TEAM = U8FZ3UYF69;
				INFOPLIST_FILE = FollowApp/Info.plist;
				LD_RUNPATH_SEARCH_PATHS = (
					"$(inherited)",
					"@executable_path/Frameworks",
				);
				PRODUCT_BUNDLE_IDENTIFIER = io.follow.FollowApp;
				PRODUCT_NAME = "$(TARGET_NAME)";
				SWIFT_VERSION = 4.2;
				TARGETED_DEVICE_FAMILY = "1,2";
			};
			name = Debug;
		};
		661D47EB21A879700006D51A /* Release */ = {
			isa = XCBuildConfiguration;
			buildSettings = {
				ASSETCATALOG_COMPILER_APPICON_NAME = AppIcon;
				CODE_SIGN_STYLE = Automatic;
				DEVELOPMENT_TEAM = U8FZ3UYF69;
				INFOPLIST_FILE = FollowApp/Info.plist;
				LD_RUNPATH_SEARCH_PATHS = (
					"$(inherited)",
					"@executable_path/Frameworks",
				);
				PRODUCT_BUNDLE_IDENTIFIER = io.follow.FollowApp;
				PRODUCT_NAME = "$(TARGET_NAME)";
				SWIFT_VERSION = 4.2;
				TARGETED_DEVICE_FAMILY = "1,2";
			};
			name = Release;
		};
/* End XCBuildConfiguration section */

/* Begin XCConfigurationList section */
		661D47D221A879690006D51A /* Build configuration list for PBXProject "FollowApp" */ = {
			isa = XCConfigurationList;
			buildConfigurations = (
				661D47E721A879700006D51A /* Debug */,
				661D47E821A879700006D51A /* Release */,
			);
			defaultConfigurationIsVisible = 0;
			defaultConfigurationName = Release;
		};
		661D47E921A879700006D51A /* Build configuration list for PBXNativeTarget "FollowApp" */ = {
			isa = XCConfigurationList;
			buildConfigurations = (
				661D47EA21A879700006D51A /* Debug */,
				661D47EB21A879700006D51A /* Release */,
			);
			defaultConfigurationIsVisible = 0;
			defaultConfigurationName = Release;
		};
/* End XCConfigurationList section */
	};
	rootObject = 661D47CF21A879690006D51A /* Project object */;
}
